<?xml version="1.0" encoding="utf-8"?>
<Project ToolsVersion="4.0" xmlns="http://schemas.microsoft.com/developer/msbuild/2003">
  <ItemGroup>
    <Filter Include="Source Files">
      <UniqueIdentifier>{4FC737F1-C7A5-4376-A066-2A32D752A2FF}</UniqueIdentifier>
      <Extensions>cpp;c;cc;cxx;c++;def;odl;idl;hpj;bat;asm;asmx</Extensions>
    </Filter>
    <Filter Include="Resource Files">
      <UniqueIdentifier>{67DA6AB6-F800-4c08-8B7A-83BB121AAD01}</UniqueIdentifier>
      <Extensions>rc;ico;cur;bmp;dlg;rc2;rct;bin;rgs;gif;jpg;jpeg;jpe;resx;tiff;tif;png;wav;mfcribbon-ms</Extensions>
    </Filter>
    <Filter Include="Shaders">
      <UniqueIdentifier>{8968d7a4-17aa-4c3f-85a7-f0437c34e8ab}</UniqueIdentifier>
    </Filter>
    <Filter Include="External">
      <UniqueIdentifier>{5f4424e3-093f-4fb9-b2a2-1ef13b83cb2e}</UniqueIdentifier>
    </Filter>
    <Filter Include="Source Files\Models">
      <UniqueIdentifier>{32dc0386-6098-490e-8466-fce3b2b75c99}</UniqueIdentifier>
    </Filter>
    <Filter Include="Source Files\Lighting">
      <UniqueIdentifier>{7cd29669-9a32-4754-9e84-52228572435e}</UniqueIdentifier>
    </Filter>
    <Filter Include="Shaders\Default">
      <UniqueIdentifier>{7bb5636d-04d5-4651-a6c1-712deb3519c6}</UniqueIdentifier>
    </Filter>
    <Filter Include="Shaders\Overlay">
      <UniqueIdentifier>{4d34a49e-7487-4e61-9824-e5f711d9bcd9}</UniqueIdentifier>
    </Filter>
    <Filter Include="Source Files\Overlay">
      <UniqueIdentifier>{870bca65-8731-4af7-b86d-eb7c5bf1f55e}</UniqueIdentifier>
    </Filter>
  </ItemGroup>
  <ItemGroup>
    <FxCompile Include="PixelShader.hlsl">
      <Filter>Shaders\Default</Filter>
    </FxCompile>
    <FxCompile Include="VertexShader.hlsl">
      <Filter>Shaders\Default</Filter>
    </FxCompile>
    <FxCompile Include="OverlayVertexShader.hlsl">
      <Filter>Shaders\Overlay</Filter>
    </FxCompile>
    <FxCompile Include="OverlayPixelShader.hlsl">
      <Filter>Shaders\Overlay</Filter>
    </FxCompile>
  </ItemGroup>
  <ItemGroup>
    <ClCompile Include="DDSTextureLoader.cpp">
      <Filter>External</Filter>
    </ClCompile>
    <ClCompile Include="Camera.cpp">
      <Filter>Source Files</Filter>
    </ClCompile>
    <ClCompile Include="GeometryGenerator.cpp">
      <Filter>Source Files</Filter>
    </ClCompile>
    <ClCompile Include="main.cpp">
      <Filter>Source Files</Filter>
    </ClCompile>
    <ClCompile Include="Renderer.cpp">
      <Filter>Source Files</Filter>
    </ClCompile>
    <ClCompile Include="Shader.cpp">
      <Filter>Source Files</Filter>
    </ClCompile>
    <ClCompile Include="DirectionalLightSource.cpp">
      <Filter>Source Files\Lighting</Filter>
    </ClCompile>
    <ClCompile Include="PointLightSource.cpp">
      <Filter>Source Files\Lighting</Filter>
    </ClCompile>
    <ClCompile Include="Crate.cpp">
      <Filter>Source Files\Models</Filter>
    </ClCompile>
    <ClCompile Include="Floor.cpp">
      <Filter>Source Files\Models</Filter>
    </ClCompile>
    <ClCompile Include="Pillar.cpp">
      <Filter>Source Files\Models</Filter>
    </ClCompile>
    <ClCompile Include="Overlay.cpp">
      <Filter>Source Files\Overlay</Filter>
    </ClCompile>
    <ClCompile Include="OverlayShader.cpp">
      <Filter>Source Files\Overlay</Filter>
    </ClCompile>
  </ItemGroup>
  <ItemGroup>
    <ClInclude Include="DDSTextureLoader.h">
      <Filter>External</Filter>
    </ClInclude>
    <ClInclude Include="Camera.h">
      <Filter>Source Files</Filter>
    </ClInclude>
    <ClInclude Include="GeometryGenerator.h">
      <Filter>Source Files</Filter>
    </ClInclude>
    <ClInclude Include="Mesh.h">
      <Filter>Source Files</Filter>
    </ClInclude>
    <ClInclude Include="Renderer.h">
      <Filter>Source Files</Filter>
    </ClInclude>
    <ClInclude Include="Shader.h">
      <Filter>Source Files</Filter>
    </ClInclude>
    <ClInclude Include="ShaderData.h">
      <Filter>Source Files</Filter>
    </ClInclude>
    <ClInclude Include="DirectionalLightSource.h">
      <Filter>Source Files\Lighting</Filter>
    </ClInclude>
    <ClInclude Include="PointLightSource.h">
      <Filter>Source Files\Lighting</Filter>
    </ClInclude>
    <ClInclude Include="Crate.h">
      <Filter>Source Files\Models</Filter>
    </ClInclude>
    <ClInclude Include="Floor.h">
      <Filter>Source Files\Models</Filter>
    </ClInclude>
    <ClInclude Include="Pillar.h">
      <Filter>Source Files\Models</Filter>
    </ClInclude>
    <ClInclude Include="Overlay.h">
      <Filter>Source Files\Overlay</Filter>
    </ClInclude>
    <ClInclude Include="OverlayShader.h">
      <Filter>Source Files\Overlay</Filter>
    </ClInclude>
  </ItemGroup>
  <ItemGroup>
    <None Include="Header.hlsli">
      <Filter>Shaders\Default</Filter>
    </None>
    <None Include="OverlayHeader.hlsli">
      <Filter>Shaders\Overlay</Filter>
    </None>
  </ItemGroup>
</Project>